
Microsoft Visual Studio Solution File, Format Version 12.00
# Visual Studio Version 16
VisualStudioVersion = 16.0.31605.320
MinimumVisualStudioVersion = 10.0.40219.1
Project("{FAE04EC0-301F-11D3-BF4B-00C04F79EFBC}") = "Assignment2", "Assignment2\Assignment2.csproj", "{397CA357-CD8F-4D34-A226-35FD03CBB8DD}"
EndProject
Global
	GlobalSection(SolutionConfigurationPlatforms) = preSolution
		Debug|Any CPU = Debug|Any CPU
		Release|Any CPU = Release|Any CPU
	EndGlobalSection
	GlobalSection(ProjectConfigurationPlatforms) = postSolution
		{397CA357-CD8F-4D34-A226-35FD03CBB8DD}.Debug|Any CPU.ActiveCfg = Debug|Any CPU
		{397CA357-CD8F-4D34-A226-35FD03CBB8DD}.Debug|Any CPU.Build.0 = Debug|Any CPU
		{397CA357-CD8F-4D34-A226-35FD03CBB8DD}.Release|Any CPU.ActiveCfg = Release|Any CPU
		{397CA357-CD8F-4D34-A226-35FD03CBB8DD}.Release|Any CPU.Build.0 = Release|Any CPU
	EndGlobalSection
	GlobalSection(SolutionProperties) = preSolution
		HideSolutionNode = FALSE
	EndGlobalSection
	GlobalSection(ExtensibilityGlobals) = postSolution
		SolutionGuid = {FF768E30-D860-45D3-8EBC-599B39451C1D}
	EndGlobalSection
EndGlobal
